// !$*UTF8*$!
{
	archiveVersion = 1;
	classes = {
	};
	objectVersion = 50;
	objects = {

/* Begin PBXBuildFile section */
		E615388426A5E4C9009BB15C /* SceneDelegate.swift in Sources */ = {isa = PBXBuildFile; fileRef = E615388326A5E4B2009BB15C /* SceneDelegate.swift */; };
		E615388526A5E4CC009BB15C /* AppDelegate.swift in Sources */ = {isa = PBXBuildFile; fileRef = E615387D26A5E4B2009BB15C /* AppDelegate.swift */; };
		E63562F526A60F2A001BA66C /* PasswordView+ViewModel.swift in Sources */ = {isa = PBXBuildFile; fileRef = E63562E726A60F2A001BA66C /* PasswordView+ViewModel.swift */; };
		E63562F626A60F2A001BA66C /* ShakeEffect.swift in Sources */ = {isa = PBXBuildFile; fileRef = E63562E926A60F2A001BA66C /* ShakeEffect.swift */; };
		E63562F726A60F2A001BA66C /* ViewExtensions.swift in Sources */ = {isa = PBXBuildFile; fileRef = E63562EB26A60F2A001BA66C /* ViewExtensions.swift */; };
		E63562F826A60F2A001BA66C /* UIKitIntrospectionView.swift in Sources */ = {isa = PBXBuildFile; fileRef = E63562EC26A60F2A001BA66C /* UIKitIntrospectionView.swift */; };
		E63562F926A60F2A001BA66C /* Introspect.swift in Sources */ = {isa = PBXBuildFile; fileRef = E63562ED26A60F2A001BA66C /* Introspect.swift */; };
		E63562FA26A60F2A001BA66C /* ColorExtensions.swift in Sources */ = {isa = PBXBuildFile; fileRef = E63562EE26A60F2A001BA66C /* ColorExtensions.swift */; };
		E63562FB26A60F2A001BA66C /* PasswordView.swift in Sources */ = {isa = PBXBuildFile; fileRef = E63562EF26A60F2A001BA66C /* PasswordView.swift */; };
		E63562FC26A60F2A001BA66C /* BindingExtensions.swift in Sources */ = {isa = PBXBuildFile; fileRef = E63562F026A60F2A001BA66C /* BindingExtensions.swift */; };
		E63562FD26A60F2A001BA66C /* CollectionExtensions.swift in Sources */ = {isa = PBXBuildFile; fileRef = E63562F126A60F2A001BA66C /* CollectionExtensions.swift */; };
		E63562FE26A60F2A001BA66C /* ShapeExtensions.swift in Sources */ = {isa = PBXBuildFile; fileRef = E63562F226A60F2A001BA66C /* ShapeExtensions.swift */; };
		E63562FF26A60F2A001BA66C /* LoadingView.swift in Sources */ = {isa = PBXBuildFile; fileRef = E63562F326A60F2A001BA66C /* LoadingView.swift */; };
/* End PBXBuildFile section */

/* Begin PBXFileReference section */
		E615387326A5E4B2009BB15C /* Assets.xcassets */ = {isa = PBXFileReference; lastKnownFileType = folder.assetcatalog; path = Assets.xcassets; sourceTree = "<group>"; };
		E615387526A5E4B2009BB15C /* Preview Assets.xcassets */ = {isa = PBXFileReference; lastKnownFileType = folder.assetcatalog; path = "Preview Assets.xcassets"; sourceTree = "<group>"; };
		E615387726A5E4B2009BB15C /* Base */ = {isa = PBXFileReference; lastKnownFileType = file.storyboard; name = Base; path = Base.lproj/LaunchScreen.storyboard; sourceTree = "<group>"; };
		E615387D26A5E4B2009BB15C /* AppDelegate.swift */ = {isa = PBXFileReference; lastKnownFileType = sourcecode.swift; path = AppDelegate.swift; sourceTree = "<group>"; };
		E615387E26A5E4B2009BB15C /* Info.plist */ = {isa = PBXFileReference; lastKnownFileType = text.plist.xml; path = Info.plist; sourceTree = "<group>"; };
		E615388326A5E4B2009BB15C /* SceneDelegate.swift */ = {isa = PBXFileReference; lastKnownFileType = sourcecode.swift; path = SceneDelegate.swift; sourceTree = "<group>"; };
		E615389226A5EF5E009BB15C /* PinTinView.entitlements */ = {isa = PBXFileReference; lastKnownFileType = text.plist.entitlements; path = PinTinView.entitlements; sourceTree = "<group>"; };
		E63562E426A60F2A001BA66C /* Package.swift */ = {isa = PBXFileReference; fileEncoding = 4; lastKnownFileType = sourcecode.swift; name = Package.swift; path = ../Package.swift; sourceTree = "<group>"; };
		E63562E726A60F2A001BA66C /* PasswordView+ViewModel.swift */ = {isa = PBXFileReference; fileEncoding = 4; lastKnownFileType = sourcecode.swift; path = "PasswordView+ViewModel.swift"; sourceTree = "<group>"; };
		E63562E926A60F2A001BA66C /* ShakeEffect.swift */ = {isa = PBXFileReference; fileEncoding = 4; lastKnownFileType = sourcecode.swift; path = ShakeEffect.swift; sourceTree = "<group>"; };
		E63562EB26A60F2A001BA66C /* ViewExtensions.swift */ = {isa = PBXFileReference; fileEncoding = 4; lastKnownFileType = sourcecode.swift; path = ViewExtensions.swift; sourceTree = "<group>"; };
		E63562EC26A60F2A001BA66C /* UIKitIntrospectionView.swift */ = {isa = PBXFileReference; fileEncoding = 4; lastKnownFileType = sourcecode.swift; path = UIKitIntrospectionView.swift; sourceTree = "<group>"; };
		E63562ED26A60F2A001BA66C /* Introspect.swift */ = {isa = PBXFileReference; fileEncoding = 4; lastKnownFileType = sourcecode.swift; path = Introspect.swift; sourceTree = "<group>"; };
		E63562EE26A60F2A001BA66C /* ColorExtensions.swift */ = {isa = PBXFileReference; fileEncoding = 4; lastKnownFileType = sourcecode.swift; path = ColorExtensions.swift; sourceTree = "<group>"; };
		E63562EF26A60F2A001BA66C /* PasswordView.swift */ = {isa = PBXFileReference; fileEncoding = 4; lastKnownFileType = sourcecode.swift; path = PasswordView.swift; sourceTree = "<group>"; };
		E63562F026A60F2A001BA66C /* BindingExtensions.swift */ = {isa = PBXFileReference; fileEncoding = 4; lastKnownFileType = sourcecode.swift; path = BindingExtensions.swift; sourceTree = "<group>"; };
		E63562F126A60F2A001BA66C /* CollectionExtensions.swift */ = {isa = PBXFileReference; fileEncoding = 4; lastKnownFileType = sourcecode.swift; path = CollectionExtensions.swift; sourceTree = "<group>"; };
		E63562F226A60F2A001BA66C /* ShapeExtensions.swift */ = {isa = PBXFileReference; fileEncoding = 4; lastKnownFileType = sourcecode.swift; path = ShapeExtensions.swift; sourceTree = "<group>"; };
		E63562F326A60F2A001BA66C /* LoadingView.swift */ = {isa = PBXFileReference; fileEncoding = 4; lastKnownFileType = sourcecode.swift; path = LoadingView.swift; sourceTree = "<group>"; };
		E69C8AEB269DA34600E30699 /* PinTinView.app */ = {isa = PBXFileReference; explicitFileType = wrapper.application; includeInIndex = 0; path = PinTinView.app; sourceTree = BUILT_PRODUCTS_DIR; };
/* End PBXFileReference section */

/* Begin PBXFrameworksBuildPhase section */
		E69C8AE8269DA34600E30699 /* Frameworks */ = {
			isa = PBXFrameworksBuildPhase;
			buildActionMask = 2147483647;
			files = (
			);
			runOnlyForDeploymentPostprocessing = 0;
		};
/* End PBXFrameworksBuildPhase section */

/* Begin PBXGroup section */
		E615387426A5E4B2009BB15C /* Preview Content */ = {
			isa = PBXGroup;
			children = (
				E615387526A5E4B2009BB15C /* Preview Assets.xcassets */,
			);
			path = "Preview Content";
			sourceTree = "<group>";
		};
		E63562E526A60F2A001BA66C /* Sources */ = {
			isa = PBXGroup;
			children = (
				E63562E626A60F2A001BA66C /* PinTinView */,
			);
			name = Sources;
			path = ../Sources;
			sourceTree = "<group>";
		};
		E63562E626A60F2A001BA66C /* PinTinView */ = {
			isa = PBXGroup;
			children = (
				E63562E726A60F2A001BA66C /* PasswordView+ViewModel.swift */,
				E63562E826A60F2A001BA66C /* Extensions */,
				E63562F326A60F2A001BA66C /* LoadingView.swift */,
			);
			path = PinTinView;
			sourceTree = "<group>";
		};
		E63562E826A60F2A001BA66C /* Extensions */ = {
			isa = PBXGroup;
			children = (
				E63562E926A60F2A001BA66C /* ShakeEffect.swift */,
				E63562EA26A60F2A001BA66C /* Introspect */,
				E63562EE26A60F2A001BA66C /* ColorExtensions.swift */,
				E63562EF26A60F2A001BA66C /* PasswordView.swift */,
				E63562F026A60F2A001BA66C /* BindingExtensions.swift */,
				E63562F126A60F2A001BA66C /* CollectionExtensions.swift */,
				E63562F226A60F2A001BA66C /* ShapeExtensions.swift */,
			);
			path = Extensions;
			sourceTree = "<group>";
		};
		E63562EA26A60F2A001BA66C /* Introspect */ = {
			isa = PBXGroup;
			children = (
				E63562EB26A60F2A001BA66C /* ViewExtensions.swift */,
				E63562EC26A60F2A001BA66C /* UIKitIntrospectionView.swift */,
				E63562ED26A60F2A001BA66C /* Introspect.swift */,
			);
			path = Introspect;
			sourceTree = "<group>";
		};
		E69C8AE2269DA34600E30699 = {
			isa = PBXGroup;
			children = (
				E615387426A5E4B2009BB15C /* Preview Content */,
				E63562E526A60F2A001BA66C /* Sources */,
				E615387D26A5E4B2009BB15C /* AppDelegate.swift */,
				E615387326A5E4B2009BB15C /* Assets.xcassets */,
				E615387E26A5E4B2009BB15C /* Info.plist */,
				E615387626A5E4B2009BB15C /* LaunchScreen.storyboard */,
				E63562E426A60F2A001BA66C /* Package.swift */,
				E615389226A5EF5E009BB15C /* PinTinView.entitlements */,
				E615388326A5E4B2009BB15C /* SceneDelegate.swift */,
				E69C8AEC269DA34600E30699 /* Products */,
			);
			sourceTree = "<group>";
		};
		E69C8AEC269DA34600E30699 /* Products */ = {
			isa = PBXGroup;
			children = (
				E69C8AEB269DA34600E30699 /* PinTinView.app */,
			);
			name = Products;
			sourceTree = "<group>";
		};
/* End PBXGroup section */

/* Begin PBXNativeTarget section */
		E69C8AEA269DA34600E30699 /* PinTinView */ = {
			isa = PBXNativeTarget;
			buildConfigurationList = E69C8AFF269DA34800E30699 /* Build configuration list for PBXNativeTarget "PinTinView" */;
			buildPhases = (
				E69C8AE7269DA34600E30699 /* Sources */,
				E69C8AE8269DA34600E30699 /* Frameworks */,
				E69C8AE9269DA34600E30699 /* Resources */,
			);
			buildRules = (
			);
			dependencies = (
			);
			name = PinTinView;
			packageProductDependencies = (
			);
			productName = PinTinView;
			productReference = E69C8AEB269DA34600E30699 /* PinTinView.app */;
			productType = "com.apple.product-type.application";
		};
/* End PBXNativeTarget section */

/* Begin PBXProject section */
		E69C8AE3269DA34600E30699 /* Project object */ = {
			isa = PBXProject;
			attributes = {
				LastSwiftUpdateCheck = 1250;
				LastUpgradeCheck = 1250;
				TargetAttributes = {
					E69C8AEA269DA34600E30699 = {
						CreatedOnToolsVersion = 12.5.1;
					};
				};
			};
			buildConfigurationList = E69C8AE6269DA34600E30699 /* Build configuration list for PBXProject "PinTinView" */;
			compatibilityVersion = "Xcode 9.3";
			developmentRegion = en;
			hasScannedForEncodings = 0;
			knownRegions = (
				en,
				Base,
			);
			mainGroup = E69C8AE2269DA34600E30699;
			packageReferences = (
			);
			productRefGroup = E69C8AEC269DA34600E30699 /* Products */;
			projectDirPath = "";
			projectRoot = "";
			targets = (
				E69C8AEA269DA34600E30699 /* PinTinView */,
			);
		};
/* End PBXProject section */

/* Begin PBXResourcesBuildPhase section */
		E69C8AE9269DA34600E30699 /* Resources */ = {
			isa = PBXResourcesBuildPhase;
			buildActionMask = 2147483647;
			files = (
			);
			runOnlyForDeploymentPostprocessing = 0;
		};
/* End PBXResourcesBuildPhase section */

/* Begin PBXSourcesBuildPhase section */
		E69C8AE7269DA34600E30699 /* Sources */ = {
			isa = PBXSourcesBuildPhase;
			buildActionMask = 2147483647;
			files = (
				E63562FE26A60F2A001BA66C /* ShapeExtensions.swift in Sources */,
				E63562F526A60F2A001BA66C /* PasswordView+ViewModel.swift in Sources */,
				E63562FD26A60F2A001BA66C /* CollectionExtensions.swift in Sources */,
				E615388526A5E4CC009BB15C /* AppDelegate.swift in Sources */,
				E63562FF26A60F2A001BA66C /* LoadingView.swift in Sources */,
				E63562F626A60F2A001BA66C /* ShakeEffect.swift in Sources */,
				E63562F826A60F2A001BA66C /* UIKitIntrospectionView.swift in Sources */,
				E63562FB26A60F2A001BA66C /* PasswordView.swift in Sources */,
				E63562FA26A60F2A001BA66C /* ColorExtensions.swift in Sources */,
				E63562F726A60F2A001BA66C /* ViewExtensions.swift in Sources */,
				E63562F926A60F2A001BA66C /* Introspect.swift in Sources */,
				E63562FC26A60F2A001BA66C /* BindingExtensions.swift in Sources */,
				E615388426A5E4C9009BB15C /* SceneDelegate.swift in Sources */,
			);
			runOnlyForDeploymentPostprocessing = 0;
		};
/* End PBXSourcesBuildPhase section */

/* Begin PBXVariantGroup section */
		E615387626A5E4B2009BB15C /* LaunchScreen.storyboard */ = {
			isa = PBXVariantGroup;
			children = (
				E615387726A5E4B2009BB15C /* Base */,
			);
			name = LaunchScreen.storyboard;
			sourceTree = "<group>";
		};
/* End PBXVariantGroup section */

/* Begin XCBuildConfiguration section */
		E69C8AFD269DA34800E30699 /* Debug */ = {
			isa = XCBuildConfiguration;
			buildSettings = {
				ALWAYS_SEARCH_USER_PATHS = NO;
				CLANG_ANALYZER_NONNULL = YES;
				CLANG_ANALYZER_NUMBER_OBJECT_CONVERSION = YES_AGGRESSIVE;
				CLANG_CXX_LANGUAGE_STANDARD = "gnu++14";
				CLANG_CXX_LIBRARY = "libc++";
				CLANG_ENABLE_MODULES = YES;
				CLANG_ENABLE_OBJC_ARC = YES;
				CLANG_ENABLE_OBJC_WEAK = YES;
				CLANG_WARN_BLOCK_CAPTURE_AUTORELEASING = YES;
				CLANG_WARN_BOOL_CONVERSION = YES;
				CLANG_WARN_COMMA = YES;
				CLANG_WARN_CONSTANT_CONVERSION = YES;
				CLANG_WARN_DEPRECATED_OBJC_IMPLEMENTATIONS = YES;
				CLANG_WARN_DIRECT_OBJC_ISA_USAGE = YES_ERROR;
				CLANG_WARN_DOCUMENTATION_COMMENTS = YES;
				CLANG_WARN_EMPTY_BODY = YES;
				CLANG_WARN_ENUM_CONVERSION = YES;
				CLANG_WARN_INFINITE_RECURSION = YES;
				CLANG_WARN_INT_CONVERSION = YES;
				CLANG_WARN_NON_LITERAL_NULL_CONVERSION = YES;
				CLANG_WARN_OBJC_IMPLICIT_RETAIN_SELF = YES;
				CLANG_WARN_OBJC_LITERAL_CONVERSION = YES;
				CLANG_WARN_OBJC_ROOT_CLASS = YES_ERROR;
				CLANG_WARN_QUOTED_INCLUDE_IN_FRAMEWORK_HEADER = YES;
				CLANG_WARN_RANGE_LOOP_ANALYSIS = YES;
				CLANG_WARN_STRICT_PROTOTYPES = YES;
				CLANG_WARN_SUSPICIOUS_MOVE = YES;
				CLANG_WARN_UNGUARDED_AVAILABILITY = YES_AGGRESSIVE;
				CLANG_WARN_UNREACHABLE_CODE = YES;
				CLANG_WARN__DUPLICATE_METHOD_MATCH = YES;
				COPY_PHASE_STRIP = NO;
				DEBUG_INFORMATION_FORMAT = dwarf;
				ENABLE_STRICT_OBJC_MSGSEND = YES;
				ENABLE_TESTABILITY = YES;
				GCC_C_LANGUAGE_STANDARD = gnu11;
				GCC_DYNAMIC_NO_PIC = NO;
				GCC_NO_COMMON_BLOCKS = YES;
				GCC_OPTIMIZATION_LEVEL = 0;
				GCC_PREPROCESSOR_DEFINITIONS = (
					"DEBUG=1",
					"$(inherited)",
				);
				GCC_WARN_64_TO_32_BIT_CONVERSION = YES;
				GCC_WARN_ABOUT_RETURN_TYPE = YES_ERROR;
				GCC_WARN_UNDECLARED_SELECTOR = YES;
				GCC_WARN_UNINITIALIZED_AUTOS = YES_AGGRESSIVE;
				GCC_WARN_UNUSED_FUNCTION = YES;
				GCC_WARN_UNUSED_VARIABLE = YES;
				IPHONEOS_DEPLOYMENT_TARGET = 14.5;
				MTL_ENABLE_DEBUG_INFO = INCLUDE_SOURCE;
				MTL_FAST_MATH = YES;
				ONLY_ACTIVE_ARCH = YES;
				SDKROOT = iphoneos;
				SWIFT_ACTIVE_COMPILATION_CONDITIONS = DEBUG;
				SWIFT_OPTIMIZATION_LEVEL = "-Onone";
			};
			name = Debug;
		};
		E69C8AFE269DA34800E30699 /* Release */ = {
			isa = XCBuildConfiguration;
			buildSettings = {
				ALWAYS_SEARCH_USER_PATHS = NO;
				CLANG_ANALYZER_NONNULL = YES;
				CLANG_ANALYZER_NUMBER_OBJECT_CONVERSION = YES_AGGRESSIVE;
				CLANG_CXX_LANGUAGE_STANDARD = "gnu++14";
				CLANG_CXX_LIBRARY = "libc++";
				CLANG_ENABLE_MODULES = YES;
				CLANG_ENABLE_OBJC_ARC = YES;
				CLANG_ENABLE_OBJC_WEAK = YES;
				CLANG_WARN_BLOCK_CAPTURE_AUTORELEASING = YES;
				CLANG_WARN_BOOL_CONVERSION = YES;
				CLANG_WARN_COMMA = YES;
				CLANG_WARN_CONSTANT_CONVERSION = YES;
				CLANG_WARN_DEPRECATED_OBJC_IMPLEMENTATIONS = YES;
				CLANG_WARN_DIRECT_OBJC_ISA_USAGE = YES_ERROR;
				CLANG_WARN_DOCUMENTATION_COMMENTS = YES;
				CLANG_WARN_EMPTY_BODY = YES;
				CLANG_WARN_ENUM_CONVERSION = YES;
				CLANG_WARN_INFINITE_RECURSION = YES;
				CLANG_WARN_INT_CONVERSION = YES;
				CLANG_WARN_NON_LITERAL_NULL_CONVERSION = YES;
				CLANG_WARN_OBJC_IMPLICIT_RETAIN_SELF = YES;
				CLANG_WARN_OBJC_LITERAL_CONVERSION = YES;
				CLANG_WARN_OBJC_ROOT_CLASS = YES_ERROR;
				CLANG_WARN_QUOTED_INCLUDE_IN_FRAMEWORK_HEADER = YES;
				CLANG_WARN_RANGE_LOOP_ANALYSIS = YES;
				CLANG_WARN_STRICT_PROTOTYPES = YES;
				CLANG_WARN_SUSPICIOUS_MOVE = YES;
				CLANG_WARN_UNGUARDED_AVAILABILITY = YES_AGGRESSIVE;
				CLANG_WARN_UNREACHABLE_CODE = YES;
				CLANG_WARN__DUPLICATE_METHOD_MATCH = YES;
				COPY_PHASE_STRIP = NO;
				DEBUG_INFORMATION_FORMAT = "dwarf-with-dsym";
				ENABLE_NS_ASSERTIONS = NO;
				ENABLE_STRICT_OBJC_MSGSEND = YES;
				GCC_C_LANGUAGE_STANDARD = gnu11;
				GCC_NO_COMMON_BLOCKS = YES;
				GCC_WARN_64_TO_32_BIT_CONVERSION = YES;
				GCC_WARN_ABOUT_RETURN_TYPE = YES_ERROR;
				GCC_WARN_UNDECLARED_SELECTOR = YES;
				GCC_WARN_UNINITIALIZED_AUTOS = YES_AGGRESSIVE;
				GCC_WARN_UNUSED_FUNCTION = YES;
				GCC_WARN_UNUSED_VARIABLE = YES;
				IPHONEOS_DEPLOYMENT_TARGET = 14.5;
				MTL_ENABLE_DEBUG_INFO = NO;
				MTL_FAST_MATH = YES;
				SDKROOT = iphoneos;
				SWIFT_COMPILATION_MODE = wholemodule;
				SWIFT_OPTIMIZATION_LEVEL = "-O";
				VALIDATE_PRODUCT = YES;
			};
			name = Release;
		};
		E69C8B00269DA34800E30699 /* Debug */ = {
			isa = XCBuildConfiguration;
			buildSettings = {
				ASSETCATALOG_COMPILER_APPICON_NAME = AppIcon;
				ASSETCATALOG_COMPILER_GLOBAL_ACCENT_COLOR_NAME = AccentColor;
				CODE_SIGN_ENTITLEMENTS = PinTinView.entitlements;
				CODE_SIGN_STYLE = Automatic;
				DEVELOPMENT_ASSET_PATHS = "\"Preview Content\"";
				DEVELOPMENT_TEAM = 3KMY6RBT5Y;
				ENABLE_PREVIEWS = YES;
				INFOPLIST_FILE = Info.plist;
				IPHONEOS_DEPLOYMENT_TARGET = 13.0;
				LD_RUNPATH_SEARCH_PATHS = (
					"$(inherited)",
					"@executable_path/Frameworks",
				);
				PRODUCT_BUNDLE_IDENTIFIER = chinchillaInitiative.PinTinView;
				PRODUCT_NAME = "$(TARGET_NAME)";
				SUPPORTS_MACCATALYST = NO;
				SWIFT_VERSION = 5.0;
				TARGETED_DEVICE_FAMILY = "1,2";
			};
			name = Debug;
		};
		E69C8B01269DA34800E30699 /* Release */ = {
			isa = XCBuildConfiguration;
			buildSettings = {
				ASSETCATALOG_COMPILER_APPICON_NAME = AppIcon;
				ASSETCATALOG_COMPILER_GLOBAL_ACCENT_COLOR_NAME = AccentColor;
				CODE_SIGN_ENTITLEMENTS = PinTinView.entitlements;
				CODE_SIGN_STYLE = Automatic;
				DEVELOPMENT_ASSET_PATHS = "\"Preview Content\"";
				DEVELOPMENT_TEAM = 3KMY6RBT5Y;
				ENABLE_PREVIEWS = YES;
				INFOPLIST_FILE = Info.plist;
				IPHONEOS_DEPLOYMENT_TARGET = 13.0;
				LD_RUNPATH_SEARCH_PATHS = (
					"$(inherited)",
					"@executable_path/Frameworks",
				);
				PRODUCT_BUNDLE_IDENTIFIER = chinchillaInitiative.PinTinView;
				PRODUCT_NAME = "$(TARGET_NAME)";
				SUPPORTS_MACCATALYST = NO;
				SWIFT_VERSION = 5.0;
				TARGETED_DEVICE_FAMILY = "1,2";
			};
			name = Release;
		};
/* End XCBuildConfiguration section */

/* Begin XCConfigurationList section */
		E69C8AE6269DA34600E30699 /* Build configuration list for PBXProject "PinTinView" */ = {
			isa = XCConfigurationList;
			buildConfigurations = (
				E69C8AFD269DA34800E30699 /* Debug */,
				E69C8AFE269DA34800E30699 /* Release */,
			);
			defaultConfigurationIsVisible = 0;
			defaultConfigurationName = Release;
		};
		E69C8AFF269DA34800E30699 /* Build configuration list for PBXNativeTarget "PinTinView" */ = {
			isa = XCConfigurationList;
			buildConfigurations = (
				E69C8B00269DA34800E30699 /* Debug */,
				E69C8B01269DA34800E30699 /* Release */,
			);
			defaultConfigurationIsVisible = 0;
			defaultConfigurationName = Release;
		};
/* End XCConfigurationList section */
	};
	rootObject = E69C8AE3269DA34600E30699 /* Project object */;
}
