// !$*UTF8*$!
{
	archiveVersion = 1;
	classes = {
	};
	objectVersion = 52;
	objects = {

/* Begin PBXBuildFile section */
		E69C8AEF269DA34600E30699 /* AppDelegate.swift in Sources */ = {isa = PBXBuildFile; fileRef = E69C8AEE269DA34600E30699 /* AppDelegate.swift */; };
		E69C8AF1269DA34600E30699 /* SceneDelegate.swift in Sources */ = {isa = PBXBuildFile; fileRef = E69C8AF0269DA34600E30699 /* SceneDelegate.swift */; };
		E69C8AF3269DA34600E30699 /* ContentView.swift in Sources */ = {isa = PBXBuildFile; fileRef = E69C8AF2269DA34600E30699 /* ContentView.swift */; };
		E69C8AF5269DA34800E30699 /* Assets.xcassets in Resources */ = {isa = PBXBuildFile; fileRef = E69C8AF4269DA34800E30699 /* Assets.xcassets */; };
		E69C8AF8269DA34800E30699 /* Preview Assets.xcassets in Resources */ = {isa = PBXBuildFile; fileRef = E69C8AF7269DA34800E30699 /* Preview Assets.xcassets */; };
		E69C8AFB269DA34800E30699 /* LaunchScreen.storyboard in Resources */ = {isa = PBXBuildFile; fileRef = E69C8AF9269DA34800E30699 /* LaunchScreen.storyboard */; };
		E6DD5150269DB665002C9399 /* ShapeExtensions.swift in Sources */ = {isa = PBXBuildFile; fileRef = E6DD514F269DB665002C9399 /* ShapeExtensions.swift */; };
		E6DD5153269E1C3B002C9399 /* Introspect in Frameworks */ = {isa = PBXBuildFile; productRef = E6DD5152269E1C3B002C9399 /* Introspect */; };
		E6DD5155269E2487002C9399 /* CollectionExtensions.swift in Sources */ = {isa = PBXBuildFile; fileRef = E6DD5154269E2487002C9399 /* CollectionExtensions.swift */; };
/* End PBXBuildFile section */

/* Begin PBXFileReference section */
		E69C8AEB269DA34600E30699 /* PinTinView.app */ = {isa = PBXFileReference; explicitFileType = wrapper.application; includeInIndex = 0; path = PinTinView.app; sourceTree = BUILT_PRODUCTS_DIR; };
		E69C8AEE269DA34600E30699 /* AppDelegate.swift */ = {isa = PBXFileReference; lastKnownFileType = sourcecode.swift; path = AppDelegate.swift; sourceTree = "<group>"; };
		E69C8AF0269DA34600E30699 /* SceneDelegate.swift */ = {isa = PBXFileReference; lastKnownFileType = sourcecode.swift; path = SceneDelegate.swift; sourceTree = "<group>"; };
		E69C8AF2269DA34600E30699 /* ContentView.swift */ = {isa = PBXFileReference; lastKnownFileType = sourcecode.swift; path = ContentView.swift; sourceTree = "<group>"; };
		E69C8AF4269DA34800E30699 /* Assets.xcassets */ = {isa = PBXFileReference; lastKnownFileType = folder.assetcatalog; path = Assets.xcassets; sourceTree = "<group>"; };
		E69C8AF7269DA34800E30699 /* Preview Assets.xcassets */ = {isa = PBXFileReference; lastKnownFileType = folder.assetcatalog; path = "Preview Assets.xcassets"; sourceTree = "<group>"; };
		E69C8AFA269DA34800E30699 /* Base */ = {isa = PBXFileReference; lastKnownFileType = file.storyboard; name = Base; path = Base.lproj/LaunchScreen.storyboard; sourceTree = "<group>"; };
		E69C8AFC269DA34800E30699 /* Info.plist */ = {isa = PBXFileReference; lastKnownFileType = text.plist.xml; path = Info.plist; sourceTree = "<group>"; };
		E6DD514F269DB665002C9399 /* ShapeExtensions.swift */ = {isa = PBXFileReference; lastKnownFileType = sourcecode.swift; path = ShapeExtensions.swift; sourceTree = "<group>"; };
		E6DD5154269E2487002C9399 /* CollectionExtensions.swift */ = {isa = PBXFileReference; lastKnownFileType = sourcecode.swift; path = CollectionExtensions.swift; sourceTree = "<group>"; };
/* End PBXFileReference section */

/* Begin PBXFrameworksBuildPhase section */
		E69C8AE8269DA34600E30699 /* Frameworks */ = {
			isa = PBXFrameworksBuildPhase;
			buildActionMask = 2147483647;
			files = (
				E6DD5153269E1C3B002C9399 /* Introspect in Frameworks */,
			);
			runOnlyForDeploymentPostprocessing = 0;
		};
/* End PBXFrameworksBuildPhase section */

/* Begin PBXGroup section */
		E69C8AE2269DA34600E30699 = {
			isa = PBXGroup;
			children = (
				E69C8AED269DA34600E30699 /* PinTinView */,
				E69C8AEC269DA34600E30699 /* Products */,
			);
			sourceTree = "<group>";
		};
		E69C8AEC269DA34600E30699 /* Products */ = {
			isa = PBXGroup;
			children = (
				E69C8AEB269DA34600E30699 /* PinTinView.app */,
			);
			name = Products;
			sourceTree = "<group>";
		};
		E69C8AED269DA34600E30699 /* PinTinView */ = {
			isa = PBXGroup;
			children = (
				E6DD514E269DB605002C9399 /* Extensions */,
				E69C8AEE269DA34600E30699 /* AppDelegate.swift */,
				E69C8AF0269DA34600E30699 /* SceneDelegate.swift */,
				E69C8AF2269DA34600E30699 /* ContentView.swift */,
				E69C8AF4269DA34800E30699 /* Assets.xcassets */,
				E69C8AF9269DA34800E30699 /* LaunchScreen.storyboard */,
				E69C8AFC269DA34800E30699 /* Info.plist */,
				E69C8AF6269DA34800E30699 /* Preview Content */,
			);
			path = PinTinView;
			sourceTree = "<group>";
		};
		E69C8AF6269DA34800E30699 /* Preview Content */ = {
			isa = PBXGroup;
			children = (
				E69C8AF7269DA34800E30699 /* Preview Assets.xcassets */,
			);
			path = "Preview Content";
			sourceTree = "<group>";
		};
		E6DD514E269DB605002C9399 /* Extensions */ = {
			isa = PBXGroup;
			children = (
				E6DD514F269DB665002C9399 /* ShapeExtensions.swift */,
				E6DD5154269E2487002C9399 /* CollectionExtensions.swift */,
			);
			path = Extensions;
			sourceTree = "<group>";
		};
/* End PBXGroup section */

/* Begin PBXNativeTarget section */
		E69C8AEA269DA34600E30699 /* PinTinView */ = {
			isa = PBXNativeTarget;
			buildConfigurationList = E69C8AFF269DA34800E30699 /* Build configuration list for PBXNativeTarget "PinTinView" */;
			buildPhases = (
				E69C8AE7269DA34600E30699 /* Sources */,
				E69C8AE8269DA34600E30699 /* Frameworks */,
				E69C8AE9269DA34600E30699 /* Resources */,
			);
			buildRules = (
			);
			dependencies = (
			);
			name = PinTinView;
			packageProductDependencies = (
				E6DD5152269E1C3B002C9399 /* Introspect */,
			);
			productName = PinTinView;
			productReference = E69C8AEB269DA34600E30699 /* PinTinView.app */;
			productType = "com.apple.product-type.application";
		};
/* End PBXNativeTarget section */

/* Begin PBXProject section */
		E69C8AE3269DA34600E30699 /* Project object */ = {
			isa = PBXProject;
			attributes = {
				LastSwiftUpdateCheck = 1250;
				LastUpgradeCheck = 1250;
				TargetAttributes = {
					E69C8AEA269DA34600E30699 = {
						CreatedOnToolsVersion = 12.5.1;
					};
				};
			};
			buildConfigurationList = E69C8AE6269DA34600E30699 /* Build configuration list for PBXProject "PinTinView" */;
			compatibilityVersion = "Xcode 9.3";
			developmentRegion = en;
			hasScannedForEncodings = 0;
			knownRegions = (
				en,
				Base,
			);
			mainGroup = E69C8AE2269DA34600E30699;
			packageReferences = (
				E6DD5151269E1C3B002C9399 /* XCRemoteSwiftPackageReference "SwiftUI-Introspect" */,
			);
			productRefGroup = E69C8AEC269DA34600E30699 /* Products */;
			projectDirPath = "";
			projectRoot = "";
			targets = (
				E69C8AEA269DA34600E30699 /* PinTinView */,
			);
		};
/* End PBXProject section */

/* Begin PBXResourcesBuildPhase section */
		E69C8AE9269DA34600E30699 /* Resources */ = {
			isa = PBXResourcesBuildPhase;
			buildActionMask = 2147483647;
			files = (
				E69C8AFB269DA34800E30699 /* LaunchScreen.storyboard in Resources */,
				E69C8AF8269DA34800E30699 /* Preview Assets.xcassets in Resources */,
				E69C8AF5269DA34800E30699 /* Assets.xcassets in Resources */,
			);
			runOnlyForDeploymentPostprocessing = 0;
		};
/* End PBXResourcesBuildPhase section */

/* Begin PBXSourcesBuildPhase section */
		E69C8AE7269DA34600E30699 /* Sources */ = {
			isa = PBXSourcesBuildPhase;
			buildActionMask = 2147483647;
			files = (
				E69C8AEF269DA34600E30699 /* AppDelegate.swift in Sources */,
				E6DD5155269E2487002C9399 /* CollectionExtensions.swift in Sources */,
				E6DD5150269DB665002C9399 /* ShapeExtensions.swift in Sources */,
				E69C8AF1269DA34600E30699 /* SceneDelegate.swift in Sources */,
				E69C8AF3269DA34600E30699 /* ContentView.swift in Sources */,
			);
			runOnlyForDeploymentPostprocessing = 0;
		};
/* End PBXSourcesBuildPhase section */

/* Begin PBXVariantGroup section */
		E69C8AF9269DA34800E30699 /* LaunchScreen.storyboard */ = {
			isa = PBXVariantGroup;
			children = (
				E69C8AFA269DA34800E30699 /* Base */,
			);
			name = LaunchScreen.storyboard;
			sourceTree = "<group>";
		};
/* End PBXVariantGroup section */

/* Begin XCBuildConfiguration section */
		E69C8AFD269DA34800E30699 /* Debug */ = {
			isa = XCBuildConfiguration;
			buildSettings = {
				ALWAYS_SEARCH_USER_PATHS = NO;
				CLANG_ANALYZER_NONNULL = YES;
				CLANG_ANALYZER_NUMBER_OBJECT_CONVERSION = YES_AGGRESSIVE;
				CLANG_CXX_LANGUAGE_STANDARD = "gnu++14";
				CLANG_CXX_LIBRARY = "libc++";
				CLANG_ENABLE_MODULES = YES;
				CLANG_ENABLE_OBJC_ARC = YES;
				CLANG_ENABLE_OBJC_WEAK = YES;
				CLANG_WARN_BLOCK_CAPTURE_AUTORELEASING = YES;
				CLANG_WARN_BOOL_CONVERSION = YES;
				CLANG_WARN_COMMA = YES;
				CLANG_WARN_CONSTANT_CONVERSION = YES;
				CLANG_WARN_DEPRECATED_OBJC_IMPLEMENTATIONS = YES;
				CLANG_WARN_DIRECT_OBJC_ISA_USAGE = YES_ERROR;
				CLANG_WARN_DOCUMENTATION_COMMENTS = YES;
				CLANG_WARN_EMPTY_BODY = YES;
				CLANG_WARN_ENUM_CONVERSION = YES;
				CLANG_WARN_INFINITE_RECURSION = YES;
				CLANG_WARN_INT_CONVERSION = YES;
				CLANG_WARN_NON_LITERAL_NULL_CONVERSION = YES;
				CLANG_WARN_OBJC_IMPLICIT_RETAIN_SELF = YES;
				CLANG_WARN_OBJC_LITERAL_CONVERSION = YES;
				CLANG_WARN_OBJC_ROOT_CLASS = YES_ERROR;
				CLANG_WARN_QUOTED_INCLUDE_IN_FRAMEWORK_HEADER = YES;
				CLANG_WARN_RANGE_LOOP_ANALYSIS = YES;
				CLANG_WARN_STRICT_PROTOTYPES = YES;
				CLANG_WARN_SUSPICIOUS_MOVE = YES;
				CLANG_WARN_UNGUARDED_AVAILABILITY = YES_AGGRESSIVE;
				CLANG_WARN_UNREACHABLE_CODE = YES;
				CLANG_WARN__DUPLICATE_METHOD_MATCH = YES;
				COPY_PHASE_STRIP = NO;
				DEBUG_INFORMATION_FORMAT = dwarf;
				ENABLE_STRICT_OBJC_MSGSEND = YES;
				ENABLE_TESTABILITY = YES;
				GCC_C_LANGUAGE_STANDARD = gnu11;
				GCC_DYNAMIC_NO_PIC = NO;
				GCC_NO_COMMON_BLOCKS = YES;
				GCC_OPTIMIZATION_LEVEL = 0;
				GCC_PREPROCESSOR_DEFINITIONS = (
					"DEBUG=1",
					"$(inherited)",
				);
				GCC_WARN_64_TO_32_BIT_CONVERSION = YES;
				GCC_WARN_ABOUT_RETURN_TYPE = YES_ERROR;
				GCC_WARN_UNDECLARED_SELECTOR = YES;
				GCC_WARN_UNINITIALIZED_AUTOS = YES_AGGRESSIVE;
				GCC_WARN_UNUSED_FUNCTION = YES;
				GCC_WARN_UNUSED_VARIABLE = YES;
				IPHONEOS_DEPLOYMENT_TARGET = 14.5;
				MTL_ENABLE_DEBUG_INFO = INCLUDE_SOURCE;
				MTL_FAST_MATH = YES;
				ONLY_ACTIVE_ARCH = YES;
				SDKROOT = iphoneos;
				SWIFT_ACTIVE_COMPILATION_CONDITIONS = DEBUG;
				SWIFT_OPTIMIZATION_LEVEL = "-Onone";
			};
			name = Debug;
		};
		E69C8AFE269DA34800E30699 /* Release */ = {
			isa = XCBuildConfiguration;
			buildSettings = {
				ALWAYS_SEARCH_USER_PATHS = NO;
				CLANG_ANALYZER_NONNULL = YES;
				CLANG_ANALYZER_NUMBER_OBJECT_CONVERSION = YES_AGGRESSIVE;
				CLANG_CXX_LANGUAGE_STANDARD = "gnu++14";
				CLANG_CXX_LIBRARY = "libc++";
				CLANG_ENABLE_MODULES = YES;
				CLANG_ENABLE_OBJC_ARC = YES;
				CLANG_ENABLE_OBJC_WEAK = YES;
				CLANG_WARN_BLOCK_CAPTURE_AUTORELEASING = YES;
				CLANG_WARN_BOOL_CONVERSION = YES;
				CLANG_WARN_COMMA = YES;
				CLANG_WARN_CONSTANT_CONVERSION = YES;
				CLANG_WARN_DEPRECATED_OBJC_IMPLEMENTATIONS = YES;
				CLANG_WARN_DIRECT_OBJC_ISA_USAGE = YES_ERROR;
				CLANG_WARN_DOCUMENTATION_COMMENTS = YES;
				CLANG_WARN_EMPTY_BODY = YES;
				CLANG_WARN_ENUM_CONVERSION = YES;
				CLANG_WARN_INFINITE_RECURSION = YES;
				CLANG_WARN_INT_CONVERSION = YES;
				CLANG_WARN_NON_LITERAL_NULL_CONVERSION = YES;
				CLANG_WARN_OBJC_IMPLICIT_RETAIN_SELF = YES;
				CLANG_WARN_OBJC_LITERAL_CONVERSION = YES;
				CLANG_WARN_OBJC_ROOT_CLASS = YES_ERROR;
				CLANG_WARN_QUOTED_INCLUDE_IN_FRAMEWORK_HEADER = YES;
				CLANG_WARN_RANGE_LOOP_ANALYSIS = YES;
				CLANG_WARN_STRICT_PROTOTYPES = YES;
				CLANG_WARN_SUSPICIOUS_MOVE = YES;
				CLANG_WARN_UNGUARDED_AVAILABILITY = YES_AGGRESSIVE;
				CLANG_WARN_UNREACHABLE_CODE = YES;
				CLANG_WARN__DUPLICATE_METHOD_MATCH = YES;
				COPY_PHASE_STRIP = NO;
				DEBUG_INFORMATION_FORMAT = "dwarf-with-dsym";
				ENABLE_NS_ASSERTIONS = NO;
				ENABLE_STRICT_OBJC_MSGSEND = YES;
				GCC_C_LANGUAGE_STANDARD = gnu11;
				GCC_NO_COMMON_BLOCKS = YES;
				GCC_WARN_64_TO_32_BIT_CONVERSION = YES;
				GCC_WARN_ABOUT_RETURN_TYPE = YES_ERROR;
				GCC_WARN_UNDECLARED_SELECTOR = YES;
				GCC_WARN_UNINITIALIZED_AUTOS = YES_AGGRESSIVE;
				GCC_WARN_UNUSED_FUNCTION = YES;
				GCC_WARN_UNUSED_VARIABLE = YES;
				IPHONEOS_DEPLOYMENT_TARGET = 14.5;
				MTL_ENABLE_DEBUG_INFO = NO;
				MTL_FAST_MATH = YES;
				SDKROOT = iphoneos;
				SWIFT_COMPILATION_MODE = wholemodule;
				SWIFT_OPTIMIZATION_LEVEL = "-O";
				VALIDATE_PRODUCT = YES;
			};
			name = Release;
		};
		E69C8B00269DA34800E30699 /* Debug */ = {
			isa = XCBuildConfiguration;
			buildSettings = {
				ASSETCATALOG_COMPILER_APPICON_NAME = AppIcon;
				ASSETCATALOG_COMPILER_GLOBAL_ACCENT_COLOR_NAME = AccentColor;
				CODE_SIGN_STYLE = Automatic;
				DEVELOPMENT_ASSET_PATHS = "\"PinTinView/Preview Content\"";
				DEVELOPMENT_TEAM = 3KMY6RBT5Y;
				ENABLE_PREVIEWS = YES;
				INFOPLIST_FILE = PinTinView/Info.plist;
				LD_RUNPATH_SEARCH_PATHS = (
					"$(inherited)",
					"@executable_path/Frameworks",
				);
				PRODUCT_BUNDLE_IDENTIFIER = chinchillaInitiative.PinTinView;
				PRODUCT_NAME = "$(TARGET_NAME)";
				SWIFT_VERSION = 5.0;
				TARGETED_DEVICE_FAMILY = "1,2";
			};
			name = Debug;
		};
		E69C8B01269DA34800E30699 /* Release */ = {
			isa = XCBuildConfiguration;
			buildSettings = {
				ASSETCATALOG_COMPILER_APPICON_NAME = AppIcon;
				ASSETCATALOG_COMPILER_GLOBAL_ACCENT_COLOR_NAME = AccentColor;
				CODE_SIGN_STYLE = Automatic;
				DEVELOPMENT_ASSET_PATHS = "\"PinTinView/Preview Content\"";
				DEVELOPMENT_TEAM = 3KMY6RBT5Y;
				ENABLE_PREVIEWS = YES;
				INFOPLIST_FILE = PinTinView/Info.plist;
				LD_RUNPATH_SEARCH_PATHS = (
					"$(inherited)",
					"@executable_path/Frameworks",
				);
				PRODUCT_BUNDLE_IDENTIFIER = chinchillaInitiative.PinTinView;
				PRODUCT_NAME = "$(TARGET_NAME)";
				SWIFT_VERSION = 5.0;
				TARGETED_DEVICE_FAMILY = "1,2";
			};
			name = Release;
		};
/* End XCBuildConfiguration section */

/* Begin XCConfigurationList section */
		E69C8AE6269DA34600E30699 /* Build configuration list for PBXProject "PinTinView" */ = {
			isa = XCConfigurationList;
			buildConfigurations = (
				E69C8AFD269DA34800E30699 /* Debug */,
				E69C8AFE269DA34800E30699 /* Release */,
			);
			defaultConfigurationIsVisible = 0;
			defaultConfigurationName = Release;
		};
		E69C8AFF269DA34800E30699 /* Build configuration list for PBXNativeTarget "PinTinView" */ = {
			isa = XCConfigurationList;
			buildConfigurations = (
				E69C8B00269DA34800E30699 /* Debug */,
				E69C8B01269DA34800E30699 /* Release */,
			);
			defaultConfigurationIsVisible = 0;
			defaultConfigurationName = Release;
		};
/* End XCConfigurationList section */

/* Begin XCRemoteSwiftPackageReference section */
		E6DD5151269E1C3B002C9399 /* XCRemoteSwiftPackageReference "SwiftUI-Introspect" */ = {
			isa = XCRemoteSwiftPackageReference;
			repositoryURL = "https://github.com/siteline/SwiftUI-Introspect.git";
			requirement = {
				kind = upToNextMajorVersion;
				minimumVersion = 0.1.3;
			};
		};
/* End XCRemoteSwiftPackageReference section */

/* Begin XCSwiftPackageProductDependency section */
		E6DD5152269E1C3B002C9399 /* Introspect */ = {
			isa = XCSwiftPackageProductDependency;
			package = E6DD5151269E1C3B002C9399 /* XCRemoteSwiftPackageReference "SwiftUI-Introspect" */;
			productName = Introspect;
		};
/* End XCSwiftPackageProductDependency section */
	};
	rootObject = E69C8AE3269DA34600E30699 /* Project object */;
}
